
Microsoft Visual Studio Solution File, Format Version 12.00
# Visual Studio Version 16
VisualStudioVersion = 16.0.30128.74
MinimumVisualStudioVersion = 10.0.40219.1
Project("{9A19103F-16F7-4668-BE54-9A1E7A4F7556}") = "MD-doc-API", "Pseudo MD DoC API\MD-doc-API.csproj", "{12199B0C-E2D9-43A9-9BF4-ED8E1BDA495D}"
EndProject
Global
	GlobalSection(SolutionConfigurationPlatforms) = preSolution
		Debug|Any CPU = Debug|Any CPU
		Release|Any CPU = Release|Any CPU
	EndGlobalSection
	GlobalSection(ProjectConfigurationPlatforms) = postSolution
		{12199B0C-E2D9-43A9-9BF4-ED8E1BDA495D}.Debug|Any CPU.ActiveCfg = Debug|Any CPU
		{12199B0C-E2D9-43A9-9BF4-ED8E1BDA495D}.Debug|Any CPU.Build.0 = Debug|Any CPU
		{12199B0C-E2D9-43A9-9BF4-ED8E1BDA495D}.Release|Any CPU.ActiveCfg = Release|Any CPU
		{12199B0C-E2D9-43A9-9BF4-ED8E1BDA495D}.Release|Any CPU.Build.0 = Release|Any CPU
	EndGlobalSection
	GlobalSection(SolutionProperties) = preSolution
		HideSolutionNode = FALSE
	EndGlobalSection
	GlobalSection(ExtensibilityGlobals) = postSolution
		SolutionGuid = {376546BB-04F6-45A0-A5FB-75C2FD3E2F34}
	EndGlobalSection
EndGlobal
